
Microsoft Visual Studio Solution File, Format Version 12.00
# Visual Studio 15
VisualStudioVersion = 15.0.28307.271
MinimumVisualStudioVersion = 10.0.40219.1
Project("{8BC9CEB8-8B4A-11D0-8D11-00A0C91BC942}") = "Lab1", "Lab1\Lab1.vcxproj", "{D4220C2C-577B-48EE-B68E-CFCD0182D2BF}"
EndProject
Project("{8BC9CEB8-8B4A-11D0-8D11-00A0C91BC942}") = "Lab2", "Lab2\Lab2.vcxproj", "{A69B8958-42F7-48B0-BE52-0DE9940624C5}"
EndProject
Project("{8BC9CEB8-8B4A-11D0-8D11-00A0C91BC942}") = "Lab3", "Lab3\Lab3.vcxproj", "{E6C35F0E-7BA9-42B3-84BF-47B99CC04516}"
EndProject
Project("{8BC9CEB8-8B4A-11D0-8D11-00A0C91BC942}") = "Lab5", "Lab5\Lab5.vcxproj", "{F10AB1CB-06D8-4D28-B41A-73C93A7EB638}"
EndProject
Project("{FAE04EC0-301F-11D3-BF4B-00C04F79EFBC}") = "Lab6", "Lab6\Lab6.csproj", "{89F29924-3490-49FC-88D8-F0676E7DFB82}"
EndProject
Project("{8BC9CEB8-8B4A-11D0-8D11-00A0C91BC942}") = "Lab4", "Lab4\Lab4.vcxproj", "{4FB8F8BB-1196-4541-83A1-35EC88674D6E}"
EndProject
Project("{FAE04EC0-301F-11D3-BF4B-00C04F79EFBC}") = "Lab7", "Lab7\Lab7.csproj", "{2DF4DA24-1DF8-4A55-B2FC-D14C430D3E37}"
EndProject
Global
	GlobalSection(SolutionConfigurationPlatforms) = preSolution
		Debug|Any CPU = Debug|Any CPU
		Debug|x64 = Debug|x64
		Debug|x86 = Debug|x86
		Release|Any CPU = Release|Any CPU
		Release|x64 = Release|x64
		Release|x86 = Release|x86
	EndGlobalSection
	GlobalSection(ProjectConfigurationPlatforms) = postSolution
		{D4220C2C-577B-48EE-B68E-CFCD0182D2BF}.Debug|Any CPU.ActiveCfg = Debug|Win32
		{D4220C2C-577B-48EE-B68E-CFCD0182D2BF}.Debug|x64.ActiveCfg = Debug|x64
		{D4220C2C-577B-48EE-B68E-CFCD0182D2BF}.Debug|x64.Build.0 = Debug|x64
		{D4220C2C-577B-48EE-B68E-CFCD0182D2BF}.Debug|x86.ActiveCfg = Debug|Win32
		{D4220C2C-577B-48EE-B68E-CFCD0182D2BF}.Debug|x86.Build.0 = Debug|Win32
		{D4220C2C-577B-48EE-B68E-CFCD0182D2BF}.Release|Any CPU.ActiveCfg = Release|Win32
		{D4220C2C-577B-48EE-B68E-CFCD0182D2BF}.Release|x64.ActiveCfg = Release|x64
		{D4220C2C-577B-48EE-B68E-CFCD0182D2BF}.Release|x64.Build.0 = Release|x64
		{D4220C2C-577B-48EE-B68E-CFCD0182D2BF}.Release|x86.ActiveCfg = Release|Win32
		{D4220C2C-577B-48EE-B68E-CFCD0182D2BF}.Release|x86.Build.0 = Release|Win32
		{A69B8958-42F7-48B0-BE52-0DE9940624C5}.Debug|Any CPU.ActiveCfg = Debug|Win32
		{A69B8958-42F7-48B0-BE52-0DE9940624C5}.Debug|x64.ActiveCfg = Debug|x64
		{A69B8958-42F7-48B0-BE52-0DE9940624C5}.Debug|x64.Build.0 = Debug|x64
		{A69B8958-42F7-48B0-BE52-0DE9940624C5}.Debug|x86.ActiveCfg = Debug|Win32
		{A69B8958-42F7-48B0-BE52-0DE9940624C5}.Debug|x86.Build.0 = Debug|Win32
		{A69B8958-42F7-48B0-BE52-0DE9940624C5}.Release|Any CPU.ActiveCfg = Release|Win32
		{A69B8958-42F7-48B0-BE52-0DE9940624C5}.Release|x64.ActiveCfg = Release|x64
		{A69B8958-42F7-48B0-BE52-0DE9940624C5}.Release|x64.Build.0 = Release|x64
		{A69B8958-42F7-48B0-BE52-0DE9940624C5}.Release|x86.ActiveCfg = Release|Win32
		{A69B8958-42F7-48B0-BE52-0DE9940624C5}.Release|x86.Build.0 = Release|Win32
		{E6C35F0E-7BA9-42B3-84BF-47B99CC04516}.Debug|Any CPU.ActiveCfg = Debug|Win32
		{E6C35F0E-7BA9-42B3-84BF-47B99CC04516}.Debug|x64.ActiveCfg = Debug|x64
		{E6C35F0E-7BA9-42B3-84BF-47B99CC04516}.Debug|x64.Build.0 = Debug|x64
		{E6C35F0E-7BA9-42B3-84BF-47B99CC04516}.Debug|x86.ActiveCfg = Debug|Win32
		{E6C35F0E-7BA9-42B3-84BF-47B99CC04516}.Debug|x86.Build.0 = Debug|Win32
		{E6C35F0E-7BA9-42B3-84BF-47B99CC04516}.Release|Any CPU.ActiveCfg = Release|Win32
		{E6C35F0E-7BA9-42B3-84BF-47B99CC04516}.Release|x64.ActiveCfg = Release|x64
		{E6C35F0E-7BA9-42B3-84BF-47B99CC04516}.Release|x64.Build.0 = Release|x64
		{E6C35F0E-7BA9-42B3-84BF-47B99CC04516}.Release|x86.ActiveCfg = Release|Win32
		{E6C35F0E-7BA9-42B3-84BF-47B99CC04516}.Release|x86.Build.0 = Release|Win32
		{F10AB1CB-06D8-4D28-B41A-73C93A7EB638}.Debug|Any CPU.ActiveCfg = Debug|Win32
		{F10AB1CB-06D8-4D28-B41A-73C93A7EB638}.Debug|x64.ActiveCfg = Debug|x64
		{F10AB1CB-06D8-4D28-B41A-73C93A7EB638}.Debug|x64.Build.0 = Debug|x64
		{F10AB1CB-06D8-4D28-B41A-73C93A7EB638}.Debug|x86.ActiveCfg = Debug|Win32
		{F10AB1CB-06D8-4D28-B41A-73C93A7EB638}.Debug|x86.Build.0 = Debug|Win32
		{F10AB1CB-06D8-4D28-B41A-73C93A7EB638}.Release|Any CPU.ActiveCfg = Release|Win32
		{F10AB1CB-06D8-4D28-B41A-73C93A7EB638}.Release|x64.ActiveCfg = Release|x64
		{F10AB1CB-06D8-4D28-B41A-73C93A7EB638}.Release|x64.Build.0 = Release|x64
		{F10AB1CB-06D8-4D28-B41A-73C93A7EB638}.Release|x86.ActiveCfg = Release|Win32
		{F10AB1CB-06D8-4D28-B41A-73C93A7EB638}.Release|x86.Build.0 = Release|Win32
		{89F29924-3490-49FC-88D8-F0676E7DFB82}.Debug|Any CPU.ActiveCfg = Debug|Any CPU
		{89F29924-3490-49FC-88D8-F0676E7DFB82}.Debug|Any CPU.Build.0 = Debug|Any CPU
		{89F29924-3490-49FC-88D8-F0676E7DFB82}.Debug|x64.ActiveCfg = Debug|Any CPU
		{89F29924-3490-49FC-88D8-F0676E7DFB82}.Debug|x64.Build.0 = Debug|Any CPU
		{89F29924-3490-49FC-88D8-F0676E7DFB82}.Debug|x86.ActiveCfg = Debug|Any CPU
		{89F29924-3490-49FC-88D8-F0676E7DFB82}.Debug|x86.Build.0 = Debug|Any CPU
		{89F29924-3490-49FC-88D8-F0676E7DFB82}.Release|Any CPU.ActiveCfg = Release|Any CPU
		{89F29924-3490-49FC-88D8-F0676E7DFB82}.Release|Any CPU.Build.0 = Release|Any CPU
		{89F29924-3490-49FC-88D8-F0676E7DFB82}.Release|x64.ActiveCfg = Release|Any CPU
		{89F29924-3490-49FC-88D8-F0676E7DFB82}.Release|x64.Build.0 = Release|Any CPU
		{89F29924-3490-49FC-88D8-F0676E7DFB82}.Release|x86.ActiveCfg = Release|Any CPU
		{89F29924-3490-49FC-88D8-F0676E7DFB82}.Release|x86.Build.0 = Release|Any CPU
		{4FB8F8BB-1196-4541-83A1-35EC88674D6E}.Debug|Any CPU.ActiveCfg = Debug|Win32
		{4FB8F8BB-1196-4541-83A1-35EC88674D6E}.Debug|x64.ActiveCfg = Debug|x64
		{4FB8F8BB-1196-4541-83A1-35EC88674D6E}.Debug|x64.Build.0 = Debug|x64
		{4FB8F8BB-1196-4541-83A1-35EC88674D6E}.Debug|x86.ActiveCfg = Debug|Win32
		{4FB8F8BB-1196-4541-83A1-35EC88674D6E}.Debug|x86.Build.0 = Debug|Win32
		{4FB8F8BB-1196-4541-83A1-35EC88674D6E}.Release|Any CPU.ActiveCfg = Release|Win32
		{4FB8F8BB-1196-4541-83A1-35EC88674D6E}.Release|x64.ActiveCfg = Release|x64
		{4FB8F8BB-1196-4541-83A1-35EC88674D6E}.Release|x64.Build.0 = Release|x64
		{4FB8F8BB-1196-4541-83A1-35EC88674D6E}.Release|x86.ActiveCfg = Release|Win32
		{4FB8F8BB-1196-4541-83A1-35EC88674D6E}.Release|x86.Build.0 = Release|Win32
		{2DF4DA24-1DF8-4A55-B2FC-D14C430D3E37}.Debug|Any CPU.ActiveCfg = Debug|Any CPU
		{2DF4DA24-1DF8-4A55-B2FC-D14C430D3E37}.Debug|Any CPU.Build.0 = Debug|Any CPU
		{2DF4DA24-1DF8-4A55-B2FC-D14C430D3E37}.Debug|x64.ActiveCfg = Debug|Any CPU
		{2DF4DA24-1DF8-4A55-B2FC-D14C430D3E37}.Debug|x64.Build.0 = Debug|Any CPU
		{2DF4DA24-1DF8-4A55-B2FC-D14C430D3E37}.Debug|x86.ActiveCfg = Debug|Any CPU
		{2DF4DA24-1DF8-4A55-B2FC-D14C430D3E37}.Debug|x86.Build.0 = Debug|Any CPU
		{2DF4DA24-1DF8-4A55-B2FC-D14C430D3E37}.Release|Any CPU.ActiveCfg = Release|Any CPU
		{2DF4DA24-1DF8-4A55-B2FC-D14C430D3E37}.Release|Any CPU.Build.0 = Release|Any CPU
		{2DF4DA24-1DF8-4A55-B2FC-D14C430D3E37}.Release|x64.ActiveCfg = Release|Any CPU
		{2DF4DA24-1DF8-4A55-B2FC-D14C430D3E37}.Release|x64.Build.0 = Release|Any CPU
		{2DF4DA24-1DF8-4A55-B2FC-D14C430D3E37}.Release|x86.ActiveCfg = Release|Any CPU
		{2DF4DA24-1DF8-4A55-B2FC-D14C430D3E37}.Release|x86.Build.0 = Release|Any CPU
	EndGlobalSection
	GlobalSection(SolutionProperties) = preSolution
		HideSolutionNode = FALSE
	EndGlobalSection
	GlobalSection(ExtensibilityGlobals) = postSolution
		SolutionGuid = {005C48AB-28DF-4EAA-B276-2F399951DE49}
	EndGlobalSection
EndGlobal
